
Microsoft Visual Studio Solution File, Format Version 12.00
# Visual Studio Version 16
VisualStudioVersion = 16.0.31019.35
MinimumVisualStudioVersion = 10.0.40219.1
Project("{FAE04EC0-301F-11D3-BF4B-00C04F79EFBC}") = "Shape", "Shape\Shape.csproj", "{6797D065-ABC2-4A44-B41C-01E524923998}"
EndProject
Global
	GlobalSection(SolutionConfigurationPlatforms) = preSolution
		Debug|Any CPU = Debug|Any CPU
		Release|Any CPU = Release|Any CPU
	EndGlobalSection
	GlobalSection(ProjectConfigurationPlatforms) = postSolution
		{6797D065-ABC2-4A44-B41C-01E524923998}.Debug|Any CPU.ActiveCfg = Debug|Any CPU
		{6797D065-ABC2-4A44-B41C-01E524923998}.Debug|Any CPU.Build.0 = Debug|Any CPU
		{6797D065-ABC2-4A44-B41C-01E524923998}.Release|Any CPU.ActiveCfg = Release|Any CPU
		{6797D065-ABC2-4A44-B41C-01E524923998}.Release|Any CPU.Build.0 = Release|Any CPU
	EndGlobalSection
	GlobalSection(SolutionProperties) = preSolution
		HideSolutionNode = FALSE
	EndGlobalSection
	GlobalSection(ExtensibilityGlobals) = postSolution
		SolutionGuid = {3F235376-A4F6-4983-A6CE-C2AEEF5EC662}
	EndGlobalSection
EndGlobal
